
Microsoft Visual Studio Solution File, Format Version 12.00
# Visual Studio 15
VisualStudioVersion = 15.0.28307.329
MinimumVisualStudioVersion = 10.0.40219.1
Project("{8BC9CEB8-8B4A-11D0-8D11-00A0C91BC942}") = "istring", "istring\istring.vcxproj", "{4721319E-035E-4734-B7DF-E12E3E08B685}"
EndProject
Global
	GlobalSection(SolutionConfigurationPlatforms) = preSolution
		Debug|x64 = Debug|x64
		Debug|x86 = Debug|x86
		Release|x64 = Release|x64
		Release|x86 = Release|x86
	EndGlobalSection
	GlobalSection(ProjectConfigurationPlatforms) = postSolution
		{4721319E-035E-4734-B7DF-E12E3E08B685}.Debug|x64.ActiveCfg = Debug|x64
		{4721319E-035E-4734-B7DF-E12E3E08B685}.Debug|x64.Build.0 = Debug|x64
		{4721319E-035E-4734-B7DF-E12E3E08B685}.Debug|x86.ActiveCfg = Debug|Win32
		{4721319E-035E-4734-B7DF-E12E3E08B685}.Debug|x86.Build.0 = Debug|Win32
		{4721319E-035E-4734-B7DF-E12E3E08B685}.Release|x64.ActiveCfg = Release|x64
		{4721319E-035E-4734-B7DF-E12E3E08B685}.Release|x64.Build.0 = Release|x64
		{4721319E-035E-4734-B7DF-E12E3E08B685}.Release|x86.ActiveCfg = Release|Win32
		{4721319E-035E-4734-B7DF-E12E3E08B685}.Release|x86.Build.0 = Release|Win32
	EndGlobalSection
	GlobalSection(SolutionProperties) = preSolution
		HideSolutionNode = FALSE
	EndGlobalSection
	GlobalSection(ExtensibilityGlobals) = postSolution
		SolutionGuid = {0102E173-6BF2-4882-8DAB-F7E682E2E72A}
	EndGlobalSection
EndGlobal
